
Microsoft Visual Studio Solution File, Format Version 12.00
# Visual Studio Version 16
VisualStudioVersion = 16.0.30907.101
MinimumVisualStudioVersion = 10.0.40219.1
Project("{9A19103F-16F7-4668-BE54-9A1E7A4F7556}") = "GraphQLServer", "GraphQLServer\GraphQLServer.csproj", "{64327009-DABC-4F01-97C9-9AF6F824E70C}"
EndProject
Project("{9A19103F-16F7-4668-BE54-9A1E7A4F7556}") = "JWTRestService", "C:\Users\Staka\Desktop\JWTRestService\JWTRestService\JWTRestService.csproj", "{D4A731F6-C66E-470F-A227-5DC01AF4A2BE}"
EndProject
Global
	GlobalSection(SolutionConfigurationPlatforms) = preSolution
		Debug|Any CPU = Debug|Any CPU
		Release|Any CPU = Release|Any CPU
	EndGlobalSection
	GlobalSection(ProjectConfigurationPlatforms) = postSolution
		{64327009-DABC-4F01-97C9-9AF6F824E70C}.Debug|Any CPU.ActiveCfg = Debug|Any CPU
		{64327009-DABC-4F01-97C9-9AF6F824E70C}.Debug|Any CPU.Build.0 = Debug|Any CPU
		{64327009-DABC-4F01-97C9-9AF6F824E70C}.Release|Any CPU.ActiveCfg = Release|Any CPU
		{64327009-DABC-4F01-97C9-9AF6F824E70C}.Release|Any CPU.Build.0 = Release|Any CPU
		{D4A731F6-C66E-470F-A227-5DC01AF4A2BE}.Debug|Any CPU.ActiveCfg = Debug|Any CPU
		{D4A731F6-C66E-470F-A227-5DC01AF4A2BE}.Debug|Any CPU.Build.0 = Debug|Any CPU
		{D4A731F6-C66E-470F-A227-5DC01AF4A2BE}.Release|Any CPU.ActiveCfg = Release|Any CPU
		{D4A731F6-C66E-470F-A227-5DC01AF4A2BE}.Release|Any CPU.Build.0 = Release|Any CPU
	EndGlobalSection
	GlobalSection(SolutionProperties) = preSolution
		HideSolutionNode = FALSE
	EndGlobalSection
	GlobalSection(ExtensibilityGlobals) = postSolution
		SolutionGuid = {603FD985-7CEC-42E2-B905-3ECA0240D6D9}
	EndGlobalSection
EndGlobal
